// !$*UTF8*$!
{
	archiveVersion = 1;
	classes = {
	};
	objectVersion = 50;
	objects = {

/* Begin PBXBuildFile section */
		6D846D1026D75C8200349480 /* AppDelegate.swift in Sources */ = {isa = PBXBuildFile; fileRef = 6D846D0F26D75C8200349480 /* AppDelegate.swift */; };
		6D846D1226D75C8200349480 /* SceneDelegate.swift in Sources */ = {isa = PBXBuildFile; fileRef = 6D846D1126D75C8200349480 /* SceneDelegate.swift */; };
		6D846D1926D75C8600349480 /* Assets.xcassets in Resources */ = {isa = PBXBuildFile; fileRef = 6D846D1826D75C8600349480 /* Assets.xcassets */; };
		6D846D1C26D75C8600349480 /* LaunchScreen.storyboard in Resources */ = {isa = PBXBuildFile; fileRef = 6D846D1A26D75C8600349480 /* LaunchScreen.storyboard */; };
		6D846D4226D75E5D00349480 /* ItemList.swift in Sources */ = {isa = PBXBuildFile; fileRef = 6D846D4126D75E5D00349480 /* ItemList.swift */; };
		6D846D4426D75EAA00349480 /* Item.swift in Sources */ = {isa = PBXBuildFile; fileRef = 6D846D4326D75EAA00349480 /* Item.swift */; };
		6D846D4726D75F0500349480 /* ItemRegistration.swift in Sources */ = {isa = PBXBuildFile; fileRef = 6D846D4626D75F0500349480 /* ItemRegistration.swift */; };
		6D846D4926D75F3D00349480 /* ItemModifaction.swift in Sources */ = {isa = PBXBuildFile; fileRef = 6D846D4826D75F3D00349480 /* ItemModifaction.swift */; };
		6D846D4B26D75F6800349480 /* ItemDelete.swift in Sources */ = {isa = PBXBuildFile; fileRef = 6D846D4A26D75F6800349480 /* ItemDelete.swift */; };
		6D846D4F26D78D0300349480 /* ItemListTest.swift in Sources */ = {isa = PBXBuildFile; fileRef = 6D846D4E26D78D0300349480 /* ItemListTest.swift */; };
		6D846D5126D78D1A00349480 /* ItemTest.swift in Sources */ = {isa = PBXBuildFile; fileRef = 6D846D5026D78D1A00349480 /* ItemTest.swift */; };
		6D846D5926D7A3BE00349480 /* NetworkManager.swift in Sources */ = {isa = PBXBuildFile; fileRef = 6D846D5826D7A3BE00349480 /* NetworkManager.swift */; };
		6D846D5D26D7A3FF00349480 /* MarketMainViewModel.swift in Sources */ = {isa = PBXBuildFile; fileRef = 6D846D5C26D7A3FF00349480 /* MarketMainViewModel.swift */; };
		6D846D5F26D7A59300349480 /* NetworkConstant.swift in Sources */ = {isa = PBXBuildFile; fileRef = 6D846D5E26D7A59300349480 /* NetworkConstant.swift */; };
		6D846D6126D7A60500349480 /* MarketNetwork.swift in Sources */ = {isa = PBXBuildFile; fileRef = 6D846D6026D7A60500349480 /* MarketNetwork.swift */; };
		6D846D6526D88A1800349480 /* OpenMarketNetwork.swift in Sources */ = {isa = PBXBuildFile; fileRef = 6D846D6426D88A1800349480 /* OpenMarketNetwork.swift */; };
		6D846D6726D88AA600349480 /* MarketDecode.swift in Sources */ = {isa = PBXBuildFile; fileRef = 6D846D6626D88AA600349480 /* MarketDecode.swift */; };
		6D846D6B26D8ED8500349480 /* MarketModelError.swift in Sources */ = {isa = PBXBuildFile; fileRef = 6D846D6A26D8ED8500349480 /* MarketModelError.swift */; };
		6D846D6E26DA048400349480 /* MarketMainViewController.swift in Sources */ = {isa = PBXBuildFile; fileRef = 6D846D6D26DA048400349480 /* MarketMainViewController.swift */; };
		6D846D7126DA6F8300349480 /* MarketListCollectionViewCell.swift in Sources */ = {isa = PBXBuildFile; fileRef = 6D846D7026DA6F8300349480 /* MarketListCollectionViewCell.swift */; };
		6D846D7326DFB17000349480 /* MarketGridCollectionViewCell.swift in Sources */ = {isa = PBXBuildFile; fileRef = 6D846D7226DFB17000349480 /* MarketGridCollectionViewCell.swift */; };
		6D846D7726E0900F00349480 /* MarketRegisterAndEditViewController.swift in Sources */ = {isa = PBXBuildFile; fileRef = 6D846D7626E0900F00349480 /* MarketRegisterAndEditViewController.swift */; };
		6D846D7926E0B9BA00349480 /* MarketImageCollectionViewCell.swift in Sources */ = {isa = PBXBuildFile; fileRef = 6D846D7826E0B9BA00349480 /* MarketImageCollectionViewCell.swift */; };
		6D846D7D26E0CEBC00349480 /* MarketImageCollectionViewHeader.swift in Sources */ = {isa = PBXBuildFile; fileRef = 6D846D7C26E0CEBC00349480 /* MarketImageCollectionViewHeader.swift */; };
		6D846D8426E316C900349480 /* MarketRegisterAndEditViewModel.swift in Sources */ = {isa = PBXBuildFile; fileRef = 6D846D8326E316C900349480 /* MarketRegisterAndEditViewModel.swift */; };
		6D846D8E26E3D67A00349480 /* ViewController+Extension.swift in Sources */ = {isa = PBXBuildFile; fileRef = 6D846D8D26E3D67A00349480 /* ViewController+Extension.swift */; };
		6D846D9126E5F11F00349480 /* MarketInputError.swift in Sources */ = {isa = PBXBuildFile; fileRef = 6D846D9026E5F11F00349480 /* MarketInputError.swift */; };
		6D846D9426E616E900349480 /* UIImage+Extension.swift in Sources */ = {isa = PBXBuildFile; fileRef = 6D846D9326E616E900349480 /* UIImage+Extension.swift */; };
		6D955AD626E73AFE004144F7 /* MultiPartFormConvert.swift in Sources */ = {isa = PBXBuildFile; fileRef = 6D955AD526E73AFE004144F7 /* MultiPartFormConvert.swift */; };
		6D955AD926E73D20004144F7 /* Data+Extension.swift in Sources */ = {isa = PBXBuildFile; fileRef = 6D955AD826E73D20004144F7 /* Data+Extension.swift */; };
		6D955ADB26E74103004144F7 /* MarketRequest.swift in Sources */ = {isa = PBXBuildFile; fileRef = 6D955ADA26E74103004144F7 /* MarketRequest.swift */; };
/* End PBXBuildFile section */

/* Begin PBXContainerItemProxy section */
		6D846D2326D75C8600349480 /* PBXContainerItemProxy */ = {
			isa = PBXContainerItemProxy;
			containerPortal = 6D846D0426D75C8200349480 /* Project object */;
			proxyType = 1;
			remoteGlobalIDString = 6D846D0B26D75C8200349480;
			remoteInfo = OpenMarket;
		};
/* End PBXContainerItemProxy section */

/* Begin PBXFileReference section */
		6D846D0C26D75C8200349480 /* OpenMarket.app */ = {isa = PBXFileReference; explicitFileType = wrapper.application; includeInIndex = 0; path = OpenMarket.app; sourceTree = BUILT_PRODUCTS_DIR; };
		6D846D0F26D75C8200349480 /* AppDelegate.swift */ = {isa = PBXFileReference; lastKnownFileType = sourcecode.swift; path = AppDelegate.swift; sourceTree = "<group>"; };
		6D846D1126D75C8200349480 /* SceneDelegate.swift */ = {isa = PBXFileReference; lastKnownFileType = sourcecode.swift; path = SceneDelegate.swift; sourceTree = "<group>"; };
		6D846D1826D75C8600349480 /* Assets.xcassets */ = {isa = PBXFileReference; lastKnownFileType = folder.assetcatalog; path = Assets.xcassets; sourceTree = "<group>"; };
		6D846D1B26D75C8600349480 /* Base */ = {isa = PBXFileReference; lastKnownFileType = file.storyboard; name = Base; path = Base.lproj/LaunchScreen.storyboard; sourceTree = "<group>"; };
		6D846D1D26D75C8600349480 /* Info.plist */ = {isa = PBXFileReference; lastKnownFileType = text.plist.xml; path = Info.plist; sourceTree = "<group>"; };
		6D846D2226D75C8600349480 /* OpenMarketTests.xctest */ = {isa = PBXFileReference; explicitFileType = wrapper.cfbundle; includeInIndex = 0; path = OpenMarketTests.xctest; sourceTree = BUILT_PRODUCTS_DIR; };
		6D846D2826D75C8600349480 /* Info.plist */ = {isa = PBXFileReference; lastKnownFileType = text.plist.xml; path = Info.plist; sourceTree = "<group>"; };
		6D846D4126D75E5D00349480 /* ItemList.swift */ = {isa = PBXFileReference; lastKnownFileType = sourcecode.swift; path = ItemList.swift; sourceTree = "<group>"; };
		6D846D4326D75EAA00349480 /* Item.swift */ = {isa = PBXFileReference; lastKnownFileType = sourcecode.swift; path = Item.swift; sourceTree = "<group>"; };
		6D846D4626D75F0500349480 /* ItemRegistration.swift */ = {isa = PBXFileReference; lastKnownFileType = sourcecode.swift; path = ItemRegistration.swift; sourceTree = "<group>"; };
		6D846D4826D75F3D00349480 /* ItemModifaction.swift */ = {isa = PBXFileReference; lastKnownFileType = sourcecode.swift; path = ItemModifaction.swift; sourceTree = "<group>"; };
		6D846D4A26D75F6800349480 /* ItemDelete.swift */ = {isa = PBXFileReference; lastKnownFileType = sourcecode.swift; path = ItemDelete.swift; sourceTree = "<group>"; };
		6D846D4E26D78D0300349480 /* ItemListTest.swift */ = {isa = PBXFileReference; lastKnownFileType = sourcecode.swift; path = ItemListTest.swift; sourceTree = "<group>"; };
		6D846D5026D78D1A00349480 /* ItemTest.swift */ = {isa = PBXFileReference; lastKnownFileType = sourcecode.swift; path = ItemTest.swift; sourceTree = "<group>"; };
		6D846D5826D7A3BE00349480 /* NetworkManager.swift */ = {isa = PBXFileReference; lastKnownFileType = sourcecode.swift; path = NetworkManager.swift; sourceTree = "<group>"; };
		6D846D5C26D7A3FF00349480 /* MarketMainViewModel.swift */ = {isa = PBXFileReference; lastKnownFileType = sourcecode.swift; path = MarketMainViewModel.swift; sourceTree = "<group>"; };
		6D846D5E26D7A59300349480 /* NetworkConstant.swift */ = {isa = PBXFileReference; lastKnownFileType = sourcecode.swift; path = NetworkConstant.swift; sourceTree = "<group>"; };
		6D846D6026D7A60500349480 /* MarketNetwork.swift */ = {isa = PBXFileReference; lastKnownFileType = sourcecode.swift; path = MarketNetwork.swift; sourceTree = "<group>"; };
		6D846D6426D88A1800349480 /* OpenMarketNetwork.swift */ = {isa = PBXFileReference; lastKnownFileType = sourcecode.swift; path = OpenMarketNetwork.swift; sourceTree = "<group>"; };
		6D846D6626D88AA600349480 /* MarketDecode.swift */ = {isa = PBXFileReference; lastKnownFileType = sourcecode.swift; path = MarketDecode.swift; sourceTree = "<group>"; };
		6D846D6A26D8ED8500349480 /* MarketModelError.swift */ = {isa = PBXFileReference; lastKnownFileType = sourcecode.swift; path = MarketModelError.swift; sourceTree = "<group>"; };
		6D846D6D26DA048400349480 /* MarketMainViewController.swift */ = {isa = PBXFileReference; lastKnownFileType = sourcecode.swift; path = MarketMainViewController.swift; sourceTree = "<group>"; };
		6D846D7026DA6F8300349480 /* MarketListCollectionViewCell.swift */ = {isa = PBXFileReference; lastKnownFileType = sourcecode.swift; path = MarketListCollectionViewCell.swift; sourceTree = "<group>"; };
		6D846D7226DFB17000349480 /* MarketGridCollectionViewCell.swift */ = {isa = PBXFileReference; lastKnownFileType = sourcecode.swift; path = MarketGridCollectionViewCell.swift; sourceTree = "<group>"; };
		6D846D7626E0900F00349480 /* MarketRegisterAndEditViewController.swift */ = {isa = PBXFileReference; lastKnownFileType = sourcecode.swift; path = MarketRegisterAndEditViewController.swift; sourceTree = "<group>"; };
		6D846D7826E0B9BA00349480 /* MarketImageCollectionViewCell.swift */ = {isa = PBXFileReference; lastKnownFileType = sourcecode.swift; path = MarketImageCollectionViewCell.swift; sourceTree = "<group>"; };
		6D846D7C26E0CEBC00349480 /* MarketImageCollectionViewHeader.swift */ = {isa = PBXFileReference; lastKnownFileType = sourcecode.swift; path = MarketImageCollectionViewHeader.swift; sourceTree = "<group>"; };
		6D846D8326E316C900349480 /* MarketRegisterAndEditViewModel.swift */ = {isa = PBXFileReference; lastKnownFileType = sourcecode.swift; path = MarketRegisterAndEditViewModel.swift; sourceTree = "<group>"; };
		6D846D8D26E3D67A00349480 /* ViewController+Extension.swift */ = {isa = PBXFileReference; lastKnownFileType = sourcecode.swift; path = "ViewController+Extension.swift"; sourceTree = "<group>"; };
		6D846D9026E5F11F00349480 /* MarketInputError.swift */ = {isa = PBXFileReference; lastKnownFileType = sourcecode.swift; path = MarketInputError.swift; sourceTree = "<group>"; };
		6D846D9326E616E900349480 /* UIImage+Extension.swift */ = {isa = PBXFileReference; lastKnownFileType = sourcecode.swift; path = "UIImage+Extension.swift"; sourceTree = "<group>"; };
		6D955AD526E73AFE004144F7 /* MultiPartFormConvert.swift */ = {isa = PBXFileReference; lastKnownFileType = sourcecode.swift; path = MultiPartFormConvert.swift; sourceTree = "<group>"; };
		6D955AD826E73D20004144F7 /* Data+Extension.swift */ = {isa = PBXFileReference; lastKnownFileType = sourcecode.swift; path = "Data+Extension.swift"; sourceTree = "<group>"; };
		6D955ADA26E74103004144F7 /* MarketRequest.swift */ = {isa = PBXFileReference; lastKnownFileType = sourcecode.swift; path = MarketRequest.swift; sourceTree = "<group>"; };
/* End PBXFileReference section */

/* Begin PBXFrameworksBuildPhase section */
		6D846D0926D75C8200349480 /* Frameworks */ = {
			isa = PBXFrameworksBuildPhase;
			buildActionMask = 2147483647;
			files = (
			);
			runOnlyForDeploymentPostprocessing = 0;
		};
		6D846D1F26D75C8600349480 /* Frameworks */ = {
			isa = PBXFrameworksBuildPhase;
			buildActionMask = 2147483647;
			files = (
			);
			runOnlyForDeploymentPostprocessing = 0;
		};
/* End PBXFrameworksBuildPhase section */

/* Begin PBXGroup section */
		6D846D0326D75C8200349480 = {
			isa = PBXGroup;
			children = (
				6D846D0E26D75C8200349480 /* OpenMarket */,
				6D846D2526D75C8600349480 /* OpenMarketTests */,
				6D846D0D26D75C8200349480 /* Products */,
			);
			sourceTree = "<group>";
		};
		6D846D0D26D75C8200349480 /* Products */ = {
			isa = PBXGroup;
			children = (
				6D846D0C26D75C8200349480 /* OpenMarket.app */,
				6D846D2226D75C8600349480 /* OpenMarketTests.xctest */,
			);
			name = Products;
			sourceTree = "<group>";
		};
		6D846D0E26D75C8200349480 /* OpenMarket */ = {
			isa = PBXGroup;
			children = (
				6D846D3F26D75E3700349480 /* Models */,
				6D846D5626D7A16E00349480 /* ViewModel */,
				6D846D6C26DA045100349480 /* Controllers */,
				6D846D6F26DA6F2600349480 /* Views */,
				6D846D1826D75C8600349480 /* Assets.xcassets */,
				6D846D1126D75C8200349480 /* SceneDelegate.swift */,
				6D846D0F26D75C8200349480 /* AppDelegate.swift */,
				6D846D1A26D75C8600349480 /* LaunchScreen.storyboard */,
				6D846D1D26D75C8600349480 /* Info.plist */,
			);
			path = OpenMarket;
			sourceTree = "<group>";
		};
		6D846D2526D75C8600349480 /* OpenMarketTests */ = {
			isa = PBXGroup;
			children = (
				6D846D4C26D78CDE00349480 /* Models */,
				6D846D2826D75C8600349480 /* Info.plist */,
			);
			path = OpenMarketTests;
			sourceTree = "<group>";
		};
		6D846D3F26D75E3700349480 /* Models */ = {
			isa = PBXGroup;
			children = (
				6D846D6926D8ED3B00349480 /* Error */,
				6D846D5726D7A3A600349480 /* Network */,
				6D846D4526D75EEF00349480 /* Request */,
				6D846D4026D75E4400349480 /* Response */,
			);
			path = Models;
			sourceTree = "<group>";
		};
		6D846D4026D75E4400349480 /* Response */ = {
			isa = PBXGroup;
			children = (
				6D846D4126D75E5D00349480 /* ItemList.swift */,
				6D846D4326D75EAA00349480 /* Item.swift */,
			);
			path = Response;
			sourceTree = "<group>";
		};
		6D846D4526D75EEF00349480 /* Request */ = {
			isa = PBXGroup;
			children = (
				6D846D4626D75F0500349480 /* ItemRegistration.swift */,
				6D846D4826D75F3D00349480 /* ItemModifaction.swift */,
				6D846D4A26D75F6800349480 /* ItemDelete.swift */,
			);
			path = Request;
			sourceTree = "<group>";
		};
		6D846D4C26D78CDE00349480 /* Models */ = {
			isa = PBXGroup;
			children = (
				6D846D4E26D78D0300349480 /* ItemListTest.swift */,
				6D846D5026D78D1A00349480 /* ItemTest.swift */,
			);
			path = Models;
			sourceTree = "<group>";
		};
		6D846D5626D7A16E00349480 /* ViewModel */ = {
			isa = PBXGroup;
			children = (
				6D846D5C26D7A3FF00349480 /* MarketMainViewModel.swift */,
				6D846D8326E316C900349480 /* MarketRegisterAndEditViewModel.swift */,
			);
			path = ViewModel;
			sourceTree = "<group>";
		};
		6D846D5726D7A3A600349480 /* Network */ = {
			isa = PBXGroup;
			children = (
				6D955AD726E73CF0004144F7 /* Extension */,
				6D846D6326D889B300349480 /* Constant */,
				6D846D6226D889A500349480 /* Protocol */,
				6D846D5826D7A3BE00349480 /* NetworkManager.swift */,
				6D846D6026D7A60500349480 /* MarketNetwork.swift */,
			);
			path = Network;
			sourceTree = "<group>";
		};
		6D846D6226D889A500349480 /* Protocol */ = {
			isa = PBXGroup;
			children = (
				6D846D6426D88A1800349480 /* OpenMarketNetwork.swift */,
				6D846D6626D88AA600349480 /* MarketDecode.swift */,
			);
			path = Protocol;
			sourceTree = "<group>";
		};
		6D846D6326D889B300349480 /* Constant */ = {
			isa = PBXGroup;
			children = (
				6D846D5E26D7A59300349480 /* NetworkConstant.swift */,
			);
			path = Constant;
			sourceTree = "<group>";
		};
		6D846D6926D8ED3B00349480 /* Error */ = {
			isa = PBXGroup;
			children = (
				6D846D6A26D8ED8500349480 /* MarketModelError.swift */,
			);
			path = Error;
			sourceTree = "<group>";
		};
		6D846D6C26DA045100349480 /* Controllers */ = {
			isa = PBXGroup;
			children = (
				6D955ADC26E744CE004144F7 /* Protocol */,
				6D846D8F26E5F0B200349480 /* Error */,
				6D846D8A26E3D5AC00349480 /* Extension */,
				6D846D6D26DA048400349480 /* MarketMainViewController.swift */,
				6D846D7626E0900F00349480 /* MarketRegisterAndEditViewController.swift */,
			);
			path = Controllers;
			sourceTree = "<group>";
		};
		6D846D6F26DA6F2600349480 /* Views */ = {
			isa = PBXGroup;
			children = (
				6D846D7B26E0CE7E00349480 /* RegisterAndEdit */,
				6D846D7A26E0CE7200349480 /* Main */,
			);
			path = Views;
			sourceTree = "<group>";
		};
		6D846D7A26E0CE7200349480 /* Main */ = {
			isa = PBXGroup;
			children = (
				6D846D7026DA6F8300349480 /* MarketListCollectionViewCell.swift */,
				6D846D7226DFB17000349480 /* MarketGridCollectionViewCell.swift */,
			);
			path = Main;
			sourceTree = "<group>";
		};
		6D846D7B26E0CE7E00349480 /* RegisterAndEdit */ = {
			isa = PBXGroup;
			children = (
				6D846D7826E0B9BA00349480 /* MarketImageCollectionViewCell.swift */,
				6D846D7C26E0CEBC00349480 /* MarketImageCollectionViewHeader.swift */,
			);
			path = RegisterAndEdit;
			sourceTree = "<group>";
		};
		6D846D8A26E3D5AC00349480 /* Extension */ = {
			isa = PBXGroup;
			children = (
				6D846D8D26E3D67A00349480 /* ViewController+Extension.swift */,
				6D846D9326E616E900349480 /* UIImage+Extension.swift */,
			);
			path = Extension;
			sourceTree = "<group>";
		};
		6D846D8F26E5F0B200349480 /* Error */ = {
			isa = PBXGroup;
			children = (
				6D846D9026E5F11F00349480 /* MarketInputError.swift */,
			);
			path = Error;
			sourceTree = "<group>";
		};
		6D955AD726E73CF0004144F7 /* Extension */ = {
			isa = PBXGroup;
			children = (
				6D955AD826E73D20004144F7 /* Data+Extension.swift */,
			);
			path = Extension;
			sourceTree = "<group>";
		};
		6D955ADC26E744CE004144F7 /* Protocol */ = {
			isa = PBXGroup;
			children = (
				6D955AD526E73AFE004144F7 /* MultiPartFormConvert.swift */,
				6D955ADA26E74103004144F7 /* MarketRequest.swift */,
			);
			path = Protocol;
			sourceTree = "<group>";
		};
/* End PBXGroup section */

/* Begin PBXNativeTarget section */
		6D846D0B26D75C8200349480 /* OpenMarket */ = {
			isa = PBXNativeTarget;
			buildConfigurationList = 6D846D3626D75C8600349480 /* Build configuration list for PBXNativeTarget "OpenMarket" */;
			buildPhases = (
				6D846D0826D75C8200349480 /* Sources */,
				6D846D0926D75C8200349480 /* Frameworks */,
				6D846D0A26D75C8200349480 /* Resources */,
			);
			buildRules = (
			);
			dependencies = (
			);
			name = OpenMarket;
			productName = OpenMarket;
			productReference = 6D846D0C26D75C8200349480 /* OpenMarket.app */;
			productType = "com.apple.product-type.application";
		};
		6D846D2126D75C8600349480 /* OpenMarketTests */ = {
			isa = PBXNativeTarget;
			buildConfigurationList = 6D846D3926D75C8600349480 /* Build configuration list for PBXNativeTarget "OpenMarketTests" */;
			buildPhases = (
				6D846D1E26D75C8600349480 /* Sources */,
				6D846D1F26D75C8600349480 /* Frameworks */,
				6D846D2026D75C8600349480 /* Resources */,
			);
			buildRules = (
			);
			dependencies = (
				6D846D2426D75C8600349480 /* PBXTargetDependency */,
			);
			name = OpenMarketTests;
			productName = OpenMarketTests;
			productReference = 6D846D2226D75C8600349480 /* OpenMarketTests.xctest */;
			productType = "com.apple.product-type.bundle.unit-test";
		};
/* End PBXNativeTarget section */

/* Begin PBXProject section */
		6D846D0426D75C8200349480 /* Project object */ = {
			isa = PBXProject;
			attributes = {
				LastSwiftUpdateCheck = 1250;
				LastUpgradeCheck = 1250;
				TargetAttributes = {
					6D846D0B26D75C8200349480 = {
						CreatedOnToolsVersion = 12.5.1;
					};
					6D846D2126D75C8600349480 = {
						CreatedOnToolsVersion = 12.5.1;
						LastSwiftMigration = 1250;
						TestTargetID = 6D846D0B26D75C8200349480;
					};
				};
			};
			buildConfigurationList = 6D846D0726D75C8200349480 /* Build configuration list for PBXProject "OpenMarket" */;
			compatibilityVersion = "Xcode 9.3";
			developmentRegion = en;
			hasScannedForEncodings = 0;
			knownRegions = (
				en,
				Base,
			);
			mainGroup = 6D846D0326D75C8200349480;
			productRefGroup = 6D846D0D26D75C8200349480 /* Products */;
			projectDirPath = "";
			projectRoot = "";
			targets = (
				6D846D0B26D75C8200349480 /* OpenMarket */,
				6D846D2126D75C8600349480 /* OpenMarketTests */,
			);
		};
/* End PBXProject section */

/* Begin PBXResourcesBuildPhase section */
		6D846D0A26D75C8200349480 /* Resources */ = {
			isa = PBXResourcesBuildPhase;
			buildActionMask = 2147483647;
			files = (
				6D846D1C26D75C8600349480 /* LaunchScreen.storyboard in Resources */,
				6D846D1926D75C8600349480 /* Assets.xcassets in Resources */,
			);
			runOnlyForDeploymentPostprocessing = 0;
		};
		6D846D2026D75C8600349480 /* Resources */ = {
			isa = PBXResourcesBuildPhase;
			buildActionMask = 2147483647;
			files = (
			);
			runOnlyForDeploymentPostprocessing = 0;
		};
/* End PBXResourcesBuildPhase section */

/* Begin PBXSourcesBuildPhase section */
		6D846D0826D75C8200349480 /* Sources */ = {
			isa = PBXSourcesBuildPhase;
			buildActionMask = 2147483647;
			files = (
				6D846D5926D7A3BE00349480 /* NetworkManager.swift in Sources */,
				6D846D6E26DA048400349480 /* MarketMainViewController.swift in Sources */,
				6D846D4426D75EAA00349480 /* Item.swift in Sources */,
				6D846D9426E616E900349480 /* UIImage+Extension.swift in Sources */,
				6D846D6B26D8ED8500349480 /* MarketModelError.swift in Sources */,
				6D846D8E26E3D67A00349480 /* ViewController+Extension.swift in Sources */,
				6D955ADB26E74103004144F7 /* MarketRequest.swift in Sources */,
				6D846D7126DA6F8300349480 /* MarketListCollectionViewCell.swift in Sources */,
				6D846D4226D75E5D00349480 /* ItemList.swift in Sources */,
				6D846D6126D7A60500349480 /* MarketNetwork.swift in Sources */,
				6D846D7326DFB17000349480 /* MarketGridCollectionViewCell.swift in Sources */,
				6D846D5F26D7A59300349480 /* NetworkConstant.swift in Sources */,
				6D846D7726E0900F00349480 /* MarketRegisterAndEditViewController.swift in Sources */,
				6D846D5D26D7A3FF00349480 /* MarketMainViewModel.swift in Sources */,
				6D955AD926E73D20004144F7 /* Data+Extension.swift in Sources */,
				6D846D6526D88A1800349480 /* OpenMarketNetwork.swift in Sources */,
				6D846D4726D75F0500349480 /* ItemRegistration.swift in Sources */,
				6D846D7926E0B9BA00349480 /* MarketImageCollectionViewCell.swift in Sources */,
				6D846D1026D75C8200349480 /* AppDelegate.swift in Sources */,
				6D846D7D26E0CEBC00349480 /* MarketImageCollectionViewHeader.swift in Sources */,
				6D846D9126E5F11F00349480 /* MarketInputError.swift in Sources */,
				6D846D4B26D75F6800349480 /* ItemDelete.swift in Sources */,
				6D846D6726D88AA600349480 /* MarketDecode.swift in Sources */,
				6D846D4926D75F3D00349480 /* ItemModifaction.swift in Sources */,
				6D846D8426E316C900349480 /* MarketRegisterAndEditViewModel.swift in Sources */,
				6D955AD626E73AFE004144F7 /* MultiPartFormConvert.swift in Sources */,
				6D846D1226D75C8200349480 /* SceneDelegate.swift in Sources */,
			);
			runOnlyForDeploymentPostprocessing = 0;
		};
		6D846D1E26D75C8600349480 /* Sources */ = {
			isa = PBXSourcesBuildPhase;
			buildActionMask = 2147483647;
			files = (
				6D846D5126D78D1A00349480 /* ItemTest.swift in Sources */,
				6D846D4F26D78D0300349480 /* ItemListTest.swift in Sources */,
			);
			runOnlyForDeploymentPostprocessing = 0;
		};
/* End PBXSourcesBuildPhase section */

/* Begin PBXTargetDependency section */
		6D846D2426D75C8600349480 /* PBXTargetDependency */ = {
			isa = PBXTargetDependency;
			target = 6D846D0B26D75C8200349480 /* OpenMarket */;
			targetProxy = 6D846D2326D75C8600349480 /* PBXContainerItemProxy */;
		};
/* End PBXTargetDependency section */

/* Begin PBXVariantGroup section */
		6D846D1A26D75C8600349480 /* LaunchScreen.storyboard */ = {
			isa = PBXVariantGroup;
			children = (
				6D846D1B26D75C8600349480 /* Base */,
			);
			name = LaunchScreen.storyboard;
			sourceTree = "<group>";
		};
/* End PBXVariantGroup section */

/* Begin XCBuildConfiguration section */
		6D846D3426D75C8600349480 /* Debug */ = {
			isa = XCBuildConfiguration;
			buildSettings = {
				ALWAYS_SEARCH_USER_PATHS = NO;
				CLANG_ANALYZER_NONNULL = YES;
				CLANG_ANALYZER_NUMBER_OBJECT_CONVERSION = YES_AGGRESSIVE;
				CLANG_CXX_LANGUAGE_STANDARD = "gnu++14";
				CLANG_CXX_LIBRARY = "libc++";
				CLANG_ENABLE_MODULES = YES;
				CLANG_ENABLE_OBJC_ARC = YES;
				CLANG_ENABLE_OBJC_WEAK = YES;
				CLANG_WARN_BLOCK_CAPTURE_AUTORELEASING = YES;
				CLANG_WARN_BOOL_CONVERSION = YES;
				CLANG_WARN_COMMA = YES;
				CLANG_WARN_CONSTANT_CONVERSION = YES;
				CLANG_WARN_DEPRECATED_OBJC_IMPLEMENTATIONS = YES;
				CLANG_WARN_DIRECT_OBJC_ISA_USAGE = YES_ERROR;
				CLANG_WARN_DOCUMENTATION_COMMENTS = YES;
				CLANG_WARN_EMPTY_BODY = YES;
				CLANG_WARN_ENUM_CONVERSION = YES;
				CLANG_WARN_INFINITE_RECURSION = YES;
				CLANG_WARN_INT_CONVERSION = YES;
				CLANG_WARN_NON_LITERAL_NULL_CONVERSION = YES;
				CLANG_WARN_OBJC_IMPLICIT_RETAIN_SELF = YES;
				CLANG_WARN_OBJC_LITERAL_CONVERSION = YES;
				CLANG_WARN_OBJC_ROOT_CLASS = YES_ERROR;
				CLANG_WARN_QUOTED_INCLUDE_IN_FRAMEWORK_HEADER = YES;
				CLANG_WARN_RANGE_LOOP_ANALYSIS = YES;
				CLANG_WARN_STRICT_PROTOTYPES = YES;
				CLANG_WARN_SUSPICIOUS_MOVE = YES;
				CLANG_WARN_UNGUARDED_AVAILABILITY = YES_AGGRESSIVE;
				CLANG_WARN_UNREACHABLE_CODE = YES;
				CLANG_WARN__DUPLICATE_METHOD_MATCH = YES;
				COPY_PHASE_STRIP = NO;
				DEBUG_INFORMATION_FORMAT = dwarf;
				ENABLE_STRICT_OBJC_MSGSEND = YES;
				ENABLE_TESTABILITY = YES;
				GCC_C_LANGUAGE_STANDARD = gnu11;
				GCC_DYNAMIC_NO_PIC = NO;
				GCC_NO_COMMON_BLOCKS = YES;
				GCC_OPTIMIZATION_LEVEL = 0;
				GCC_PREPROCESSOR_DEFINITIONS = (
					"DEBUG=1",
					"$(inherited)",
				);
				GCC_WARN_64_TO_32_BIT_CONVERSION = YES;
				GCC_WARN_ABOUT_RETURN_TYPE = YES_ERROR;
				GCC_WARN_UNDECLARED_SELECTOR = YES;
				GCC_WARN_UNINITIALIZED_AUTOS = YES_AGGRESSIVE;
				GCC_WARN_UNUSED_FUNCTION = YES;
				GCC_WARN_UNUSED_VARIABLE = YES;
				IPHONEOS_DEPLOYMENT_TARGET = 14.5;
				MTL_ENABLE_DEBUG_INFO = INCLUDE_SOURCE;
				MTL_FAST_MATH = YES;
				ONLY_ACTIVE_ARCH = YES;
				SDKROOT = iphoneos;
				SWIFT_ACTIVE_COMPILATION_CONDITIONS = DEBUG;
				SWIFT_OPTIMIZATION_LEVEL = "-Onone";
			};
			name = Debug;
		};
		6D846D3526D75C8600349480 /* Release */ = {
			isa = XCBuildConfiguration;
			buildSettings = {
				ALWAYS_SEARCH_USER_PATHS = NO;
				CLANG_ANALYZER_NONNULL = YES;
				CLANG_ANALYZER_NUMBER_OBJECT_CONVERSION = YES_AGGRESSIVE;
				CLANG_CXX_LANGUAGE_STANDARD = "gnu++14";
				CLANG_CXX_LIBRARY = "libc++";
				CLANG_ENABLE_MODULES = YES;
				CLANG_ENABLE_OBJC_ARC = YES;
				CLANG_ENABLE_OBJC_WEAK = YES;
				CLANG_WARN_BLOCK_CAPTURE_AUTORELEASING = YES;
				CLANG_WARN_BOOL_CONVERSION = YES;
				CLANG_WARN_COMMA = YES;
				CLANG_WARN_CONSTANT_CONVERSION = YES;
				CLANG_WARN_DEPRECATED_OBJC_IMPLEMENTATIONS = YES;
				CLANG_WARN_DIRECT_OBJC_ISA_USAGE = YES_ERROR;
				CLANG_WARN_DOCUMENTATION_COMMENTS = YES;
				CLANG_WARN_EMPTY_BODY = YES;
				CLANG_WARN_ENUM_CONVERSION = YES;
				CLANG_WARN_INFINITE_RECURSION = YES;
				CLANG_WARN_INT_CONVERSION = YES;
				CLANG_WARN_NON_LITERAL_NULL_CONVERSION = YES;
				CLANG_WARN_OBJC_IMPLICIT_RETAIN_SELF = YES;
				CLANG_WARN_OBJC_LITERAL_CONVERSION = YES;
				CLANG_WARN_OBJC_ROOT_CLASS = YES_ERROR;
				CLANG_WARN_QUOTED_INCLUDE_IN_FRAMEWORK_HEADER = YES;
				CLANG_WARN_RANGE_LOOP_ANALYSIS = YES;
				CLANG_WARN_STRICT_PROTOTYPES = YES;
				CLANG_WARN_SUSPICIOUS_MOVE = YES;
				CLANG_WARN_UNGUARDED_AVAILABILITY = YES_AGGRESSIVE;
				CLANG_WARN_UNREACHABLE_CODE = YES;
				CLANG_WARN__DUPLICATE_METHOD_MATCH = YES;
				COPY_PHASE_STRIP = NO;
				DEBUG_INFORMATION_FORMAT = "dwarf-with-dsym";
				ENABLE_NS_ASSERTIONS = NO;
				ENABLE_STRICT_OBJC_MSGSEND = YES;
				GCC_C_LANGUAGE_STANDARD = gnu11;
				GCC_NO_COMMON_BLOCKS = YES;
				GCC_WARN_64_TO_32_BIT_CONVERSION = YES;
				GCC_WARN_ABOUT_RETURN_TYPE = YES_ERROR;
				GCC_WARN_UNDECLARED_SELECTOR = YES;
				GCC_WARN_UNINITIALIZED_AUTOS = YES_AGGRESSIVE;
				GCC_WARN_UNUSED_FUNCTION = YES;
				GCC_WARN_UNUSED_VARIABLE = YES;
				IPHONEOS_DEPLOYMENT_TARGET = 14.5;
				MTL_ENABLE_DEBUG_INFO = NO;
				MTL_FAST_MATH = YES;
				SDKROOT = iphoneos;
				SWIFT_COMPILATION_MODE = wholemodule;
				SWIFT_OPTIMIZATION_LEVEL = "-O";
				VALIDATE_PRODUCT = YES;
			};
			name = Release;
		};
		6D846D3726D75C8600349480 /* Debug */ = {
			isa = XCBuildConfiguration;
			buildSettings = {
				ASSETCATALOG_COMPILER_APPICON_NAME = AppIcon;
				ASSETCATALOG_COMPILER_GLOBAL_ACCENT_COLOR_NAME = AccentColor;
				CODE_SIGN_STYLE = Automatic;
				DEVELOPMENT_TEAM = WU6N2C8A3Z;
				INFOPLIST_FILE = OpenMarket/Info.plist;
				LD_RUNPATH_SEARCH_PATHS = (
					"$(inherited)",
					"@executable_path/Frameworks",
				);
				PRODUCT_BUNDLE_IDENTIFIER = com.Fezravien.OpenMarket;
				PRODUCT_NAME = "$(TARGET_NAME)";
				SWIFT_VERSION = 5.0;
				TARGETED_DEVICE_FAMILY = "1,2";
			};
			name = Debug;
		};
		6D846D3826D75C8600349480 /* Release */ = {
			isa = XCBuildConfiguration;
			buildSettings = {
				ASSETCATALOG_COMPILER_APPICON_NAME = AppIcon;
				ASSETCATALOG_COMPILER_GLOBAL_ACCENT_COLOR_NAME = AccentColor;
				CODE_SIGN_STYLE = Automatic;
				DEVELOPMENT_TEAM = WU6N2C8A3Z;
				INFOPLIST_FILE = OpenMarket/Info.plist;
				LD_RUNPATH_SEARCH_PATHS = (
					"$(inherited)",
					"@executable_path/Frameworks",
				);
				PRODUCT_BUNDLE_IDENTIFIER = com.Fezravien.OpenMarket;
				PRODUCT_NAME = "$(TARGET_NAME)";
				SWIFT_VERSION = 5.0;
				TARGETED_DEVICE_FAMILY = "1,2";
			};
			name = Release;
		};
		6D846D3A26D75C8600349480 /* Debug */ = {
			isa = XCBuildConfiguration;
			buildSettings = {
				ALWAYS_EMBED_SWIFT_STANDARD_LIBRARIES = YES;
				BUNDLE_LOADER = "$(TEST_HOST)";
				CLANG_ENABLE_MODULES = YES;
				CODE_SIGN_STYLE = Automatic;
				INFOPLIST_FILE = OpenMarketTests/Info.plist;
				IPHONEOS_DEPLOYMENT_TARGET = 14.5;
				LD_RUNPATH_SEARCH_PATHS = (
					"$(inherited)",
					"@executable_path/Frameworks",
					"@loader_path/Frameworks",
				);
				PRODUCT_BUNDLE_IDENTIFIER = com.Fezravien.OpenMarketTests;
				PRODUCT_NAME = "$(TARGET_NAME)";
				SWIFT_OBJC_BRIDGING_HEADER = "OpenMarketTests/Models/OpenMarketTests-Bridging-Header.h";
				SWIFT_OPTIMIZATION_LEVEL = "-Onone";
				SWIFT_VERSION = 5.0;
				TARGETED_DEVICE_FAMILY = "1,2";
				TEST_HOST = "$(BUILT_PRODUCTS_DIR)/OpenMarket.app/OpenMarket";
			};
			name = Debug;
		};
		6D846D3B26D75C8600349480 /* Release */ = {
			isa = XCBuildConfiguration;
			buildSettings = {
				ALWAYS_EMBED_SWIFT_STANDARD_LIBRARIES = YES;
				BUNDLE_LOADER = "$(TEST_HOST)";
				CLANG_ENABLE_MODULES = YES;
				CODE_SIGN_STYLE = Automatic;
				INFOPLIST_FILE = OpenMarketTests/Info.plist;
				IPHONEOS_DEPLOYMENT_TARGET = 14.5;
				LD_RUNPATH_SEARCH_PATHS = (
					"$(inherited)",
					"@executable_path/Frameworks",
					"@loader_path/Frameworks",
				);
				PRODUCT_BUNDLE_IDENTIFIER = com.Fezravien.OpenMarketTests;
				PRODUCT_NAME = "$(TARGET_NAME)";
				SWIFT_OBJC_BRIDGING_HEADER = "OpenMarketTests/Models/OpenMarketTests-Bridging-Header.h";
				SWIFT_VERSION = 5.0;
				TARGETED_DEVICE_FAMILY = "1,2";
				TEST_HOST = "$(BUILT_PRODUCTS_DIR)/OpenMarket.app/OpenMarket";
			};
			name = Release;
		};
/* End XCBuildConfiguration section */

/* Begin XCConfigurationList section */
		6D846D0726D75C8200349480 /* Build configuration list for PBXProject "OpenMarket" */ = {
			isa = XCConfigurationList;
			buildConfigurations = (
				6D846D3426D75C8600349480 /* Debug */,
				6D846D3526D75C8600349480 /* Release */,
			);
			defaultConfigurationIsVisible = 0;
			defaultConfigurationName = Release;
		};
		6D846D3626D75C8600349480 /* Build configuration list for PBXNativeTarget "OpenMarket" */ = {
			isa = XCConfigurationList;
			buildConfigurations = (
				6D846D3726D75C8600349480 /* Debug */,
				6D846D3826D75C8600349480 /* Release */,
			);
			defaultConfigurationIsVisible = 0;
			defaultConfigurationName = Release;
		};
		6D846D3926D75C8600349480 /* Build configuration list for PBXNativeTarget "OpenMarketTests" */ = {
			isa = XCConfigurationList;
			buildConfigurations = (
				6D846D3A26D75C8600349480 /* Debug */,
				6D846D3B26D75C8600349480 /* Release */,
			);
			defaultConfigurationIsVisible = 0;
			defaultConfigurationName = Release;
		};
/* End XCConfigurationList section */
	};
	rootObject = 6D846D0426D75C8200349480 /* Project object */;
}
