// !$*UTF8*$!
{
	archiveVersion = 1;
	classes = {
	};
	objectVersion = 50;
	objects = {

/* Begin PBXBuildFile section */
		6D846D1026D75C8200349480 /* AppDelegate.swift in Sources */ = {isa = PBXBuildFile; fileRef = 6D846D0F26D75C8200349480 /* AppDelegate.swift */; };
		6D846D1226D75C8200349480 /* SceneDelegate.swift in Sources */ = {isa = PBXBuildFile; fileRef = 6D846D1126D75C8200349480 /* SceneDelegate.swift */; };
		6D846D1426D75C8200349480 /* ViewController.swift in Sources */ = {isa = PBXBuildFile; fileRef = 6D846D1326D75C8200349480 /* ViewController.swift */; };
		6D846D1726D75C8200349480 /* Main.storyboard in Resources */ = {isa = PBXBuildFile; fileRef = 6D846D1526D75C8200349480 /* Main.storyboard */; };
		6D846D1926D75C8600349480 /* Assets.xcassets in Resources */ = {isa = PBXBuildFile; fileRef = 6D846D1826D75C8600349480 /* Assets.xcassets */; };
		6D846D1C26D75C8600349480 /* LaunchScreen.storyboard in Resources */ = {isa = PBXBuildFile; fileRef = 6D846D1A26D75C8600349480 /* LaunchScreen.storyboard */; };
		6D846D2726D75C8600349480 /* OpenMarketTests.swift in Sources */ = {isa = PBXBuildFile; fileRef = 6D846D2626D75C8600349480 /* OpenMarketTests.swift */; };
		6D846D4226D75E5D00349480 /* ItemList.swift in Sources */ = {isa = PBXBuildFile; fileRef = 6D846D4126D75E5D00349480 /* ItemList.swift */; };
/* End PBXBuildFile section */

/* Begin PBXContainerItemProxy section */
		6D846D2326D75C8600349480 /* PBXContainerItemProxy */ = {
			isa = PBXContainerItemProxy;
			containerPortal = 6D846D0426D75C8200349480 /* Project object */;
			proxyType = 1;
			remoteGlobalIDString = 6D846D0B26D75C8200349480;
			remoteInfo = OpenMarket;
		};
/* End PBXContainerItemProxy section */

/* Begin PBXFileReference section */
		6D846D0C26D75C8200349480 /* OpenMarket.app */ = {isa = PBXFileReference; explicitFileType = wrapper.application; includeInIndex = 0; path = OpenMarket.app; sourceTree = BUILT_PRODUCTS_DIR; };
		6D846D0F26D75C8200349480 /* AppDelegate.swift */ = {isa = PBXFileReference; lastKnownFileType = sourcecode.swift; path = AppDelegate.swift; sourceTree = "<group>"; };
		6D846D1126D75C8200349480 /* SceneDelegate.swift */ = {isa = PBXFileReference; lastKnownFileType = sourcecode.swift; path = SceneDelegate.swift; sourceTree = "<group>"; };
		6D846D1326D75C8200349480 /* ViewController.swift */ = {isa = PBXFileReference; lastKnownFileType = sourcecode.swift; path = ViewController.swift; sourceTree = "<group>"; };
		6D846D1626D75C8200349480 /* Base */ = {isa = PBXFileReference; lastKnownFileType = file.storyboard; name = Base; path = Base.lproj/Main.storyboard; sourceTree = "<group>"; };
		6D846D1826D75C8600349480 /* Assets.xcassets */ = {isa = PBXFileReference; lastKnownFileType = folder.assetcatalog; path = Assets.xcassets; sourceTree = "<group>"; };
		6D846D1B26D75C8600349480 /* Base */ = {isa = PBXFileReference; lastKnownFileType = file.storyboard; name = Base; path = Base.lproj/LaunchScreen.storyboard; sourceTree = "<group>"; };
		6D846D1D26D75C8600349480 /* Info.plist */ = {isa = PBXFileReference; lastKnownFileType = text.plist.xml; path = Info.plist; sourceTree = "<group>"; };
		6D846D2226D75C8600349480 /* OpenMarketTests.xctest */ = {isa = PBXFileReference; explicitFileType = wrapper.cfbundle; includeInIndex = 0; path = OpenMarketTests.xctest; sourceTree = BUILT_PRODUCTS_DIR; };
		6D846D2626D75C8600349480 /* OpenMarketTests.swift */ = {isa = PBXFileReference; lastKnownFileType = sourcecode.swift; path = OpenMarketTests.swift; sourceTree = "<group>"; };
		6D846D2826D75C8600349480 /* Info.plist */ = {isa = PBXFileReference; lastKnownFileType = text.plist.xml; path = Info.plist; sourceTree = "<group>"; };
		6D846D4126D75E5D00349480 /* ItemList.swift */ = {isa = PBXFileReference; lastKnownFileType = sourcecode.swift; path = ItemList.swift; sourceTree = "<group>"; };
/* End PBXFileReference section */

/* Begin PBXFrameworksBuildPhase section */
		6D846D0926D75C8200349480 /* Frameworks */ = {
			isa = PBXFrameworksBuildPhase;
			buildActionMask = 2147483647;
			files = (
			);
			runOnlyForDeploymentPostprocessing = 0;
		};
		6D846D1F26D75C8600349480 /* Frameworks */ = {
			isa = PBXFrameworksBuildPhase;
			buildActionMask = 2147483647;
			files = (
			);
			runOnlyForDeploymentPostprocessing = 0;
		};
/* End PBXFrameworksBuildPhase section */

/* Begin PBXGroup section */
		6D846D0326D75C8200349480 = {
			isa = PBXGroup;
			children = (
				6D846D0E26D75C8200349480 /* OpenMarket */,
				6D846D2526D75C8600349480 /* OpenMarketTests */,
				6D846D0D26D75C8200349480 /* Products */,
			);
			sourceTree = "<group>";
		};
		6D846D0D26D75C8200349480 /* Products */ = {
			isa = PBXGroup;
			children = (
				6D846D0C26D75C8200349480 /* OpenMarket.app */,
				6D846D2226D75C8600349480 /* OpenMarketTests.xctest */,
			);
			name = Products;
			sourceTree = "<group>";
		};
		6D846D0E26D75C8200349480 /* OpenMarket */ = {
			isa = PBXGroup;
			children = (
				6D846D3F26D75E3700349480 /* Models */,
				6D846D0F26D75C8200349480 /* AppDelegate.swift */,
				6D846D1126D75C8200349480 /* SceneDelegate.swift */,
				6D846D1326D75C8200349480 /* ViewController.swift */,
				6D846D1526D75C8200349480 /* Main.storyboard */,
				6D846D1826D75C8600349480 /* Assets.xcassets */,
				6D846D1A26D75C8600349480 /* LaunchScreen.storyboard */,
				6D846D1D26D75C8600349480 /* Info.plist */,
			);
			path = OpenMarket;
			sourceTree = "<group>";
		};
		6D846D2526D75C8600349480 /* OpenMarketTests */ = {
			isa = PBXGroup;
			children = (
				6D846D2626D75C8600349480 /* OpenMarketTests.swift */,
				6D846D2826D75C8600349480 /* Info.plist */,
			);
			path = OpenMarketTests;
			sourceTree = "<group>";
		};
		6D846D3F26D75E3700349480 /* Models */ = {
			isa = PBXGroup;
			children = (
				6D846D4026D75E4400349480 /* Response */,
			);
			path = Models;
			sourceTree = "<group>";
		};
		6D846D4026D75E4400349480 /* Response */ = {
			isa = PBXGroup;
			children = (
				6D846D4126D75E5D00349480 /* ItemList.swift */,
			);
			path = Response;
			sourceTree = "<group>";
		};
/* End PBXGroup section */

/* Begin PBXNativeTarget section */
		6D846D0B26D75C8200349480 /* OpenMarket */ = {
			isa = PBXNativeTarget;
			buildConfigurationList = 6D846D3626D75C8600349480 /* Build configuration list for PBXNativeTarget "OpenMarket" */;
			buildPhases = (
				6D846D0826D75C8200349480 /* Sources */,
				6D846D0926D75C8200349480 /* Frameworks */,
				6D846D0A26D75C8200349480 /* Resources */,
			);
			buildRules = (
			);
			dependencies = (
			);
			name = OpenMarket;
			productName = OpenMarket;
			productReference = 6D846D0C26D75C8200349480 /* OpenMarket.app */;
			productType = "com.apple.product-type.application";
		};
		6D846D2126D75C8600349480 /* OpenMarketTests */ = {
			isa = PBXNativeTarget;
			buildConfigurationList = 6D846D3926D75C8600349480 /* Build configuration list for PBXNativeTarget "OpenMarketTests" */;
			buildPhases = (
				6D846D1E26D75C8600349480 /* Sources */,
				6D846D1F26D75C8600349480 /* Frameworks */,
				6D846D2026D75C8600349480 /* Resources */,
			);
			buildRules = (
			);
			dependencies = (
				6D846D2426D75C8600349480 /* PBXTargetDependency */,
			);
			name = OpenMarketTests;
			productName = OpenMarketTests;
			productReference = 6D846D2226D75C8600349480 /* OpenMarketTests.xctest */;
			productType = "com.apple.product-type.bundle.unit-test";
		};
/* End PBXNativeTarget section */

/* Begin PBXProject section */
		6D846D0426D75C8200349480 /* Project object */ = {
			isa = PBXProject;
			attributes = {
				LastSwiftUpdateCheck = 1250;
				LastUpgradeCheck = 1250;
				TargetAttributes = {
					6D846D0B26D75C8200349480 = {
						CreatedOnToolsVersion = 12.5.1;
					};
					6D846D2126D75C8600349480 = {
						CreatedOnToolsVersion = 12.5.1;
						TestTargetID = 6D846D0B26D75C8200349480;
					};
				};
			};
			buildConfigurationList = 6D846D0726D75C8200349480 /* Build configuration list for PBXProject "OpenMarket" */;
			compatibilityVersion = "Xcode 9.3";
			developmentRegion = en;
			hasScannedForEncodings = 0;
			knownRegions = (
				en,
				Base,
			);
			mainGroup = 6D846D0326D75C8200349480;
			productRefGroup = 6D846D0D26D75C8200349480 /* Products */;
			projectDirPath = "";
			projectRoot = "";
			targets = (
				6D846D0B26D75C8200349480 /* OpenMarket */,
				6D846D2126D75C8600349480 /* OpenMarketTests */,
			);
		};
/* End PBXProject section */

/* Begin PBXResourcesBuildPhase section */
		6D846D0A26D75C8200349480 /* Resources */ = {
			isa = PBXResourcesBuildPhase;
			buildActionMask = 2147483647;
			files = (
				6D846D1C26D75C8600349480 /* LaunchScreen.storyboard in Resources */,
				6D846D1926D75C8600349480 /* Assets.xcassets in Resources */,
				6D846D1726D75C8200349480 /* Main.storyboard in Resources */,
			);
			runOnlyForDeploymentPostprocessing = 0;
		};
		6D846D2026D75C8600349480 /* Resources */ = {
			isa = PBXResourcesBuildPhase;
			buildActionMask = 2147483647;
			files = (
			);
			runOnlyForDeploymentPostprocessing = 0;
		};
/* End PBXResourcesBuildPhase section */

/* Begin PBXSourcesBuildPhase section */
		6D846D0826D75C8200349480 /* Sources */ = {
			isa = PBXSourcesBuildPhase;
			buildActionMask = 2147483647;
			files = (
				6D846D4226D75E5D00349480 /* ItemList.swift in Sources */,
				6D846D1426D75C8200349480 /* ViewController.swift in Sources */,
				6D846D1026D75C8200349480 /* AppDelegate.swift in Sources */,
				6D846D1226D75C8200349480 /* SceneDelegate.swift in Sources */,
			);
			runOnlyForDeploymentPostprocessing = 0;
		};
		6D846D1E26D75C8600349480 /* Sources */ = {
			isa = PBXSourcesBuildPhase;
			buildActionMask = 2147483647;
			files = (
				6D846D2726D75C8600349480 /* OpenMarketTests.swift in Sources */,
			);
			runOnlyForDeploymentPostprocessing = 0;
		};
/* End PBXSourcesBuildPhase section */

/* Begin PBXTargetDependency section */
		6D846D2426D75C8600349480 /* PBXTargetDependency */ = {
			isa = PBXTargetDependency;
			target = 6D846D0B26D75C8200349480 /* OpenMarket */;
			targetProxy = 6D846D2326D75C8600349480 /* PBXContainerItemProxy */;
		};
/* End PBXTargetDependency section */

/* Begin PBXVariantGroup section */
		6D846D1526D75C8200349480 /* Main.storyboard */ = {
			isa = PBXVariantGroup;
			children = (
				6D846D1626D75C8200349480 /* Base */,
			);
			name = Main.storyboard;
			sourceTree = "<group>";
		};
		6D846D1A26D75C8600349480 /* LaunchScreen.storyboard */ = {
			isa = PBXVariantGroup;
			children = (
				6D846D1B26D75C8600349480 /* Base */,
			);
			name = LaunchScreen.storyboard;
			sourceTree = "<group>";
		};
/* End PBXVariantGroup section */

/* Begin XCBuildConfiguration section */
		6D846D3426D75C8600349480 /* Debug */ = {
			isa = XCBuildConfiguration;
			buildSettings = {
				ALWAYS_SEARCH_USER_PATHS = NO;
				CLANG_ANALYZER_NONNULL = YES;
				CLANG_ANALYZER_NUMBER_OBJECT_CONVERSION = YES_AGGRESSIVE;
				CLANG_CXX_LANGUAGE_STANDARD = "gnu++14";
				CLANG_CXX_LIBRARY = "libc++";
				CLANG_ENABLE_MODULES = YES;
				CLANG_ENABLE_OBJC_ARC = YES;
				CLANG_ENABLE_OBJC_WEAK = YES;
				CLANG_WARN_BLOCK_CAPTURE_AUTORELEASING = YES;
				CLANG_WARN_BOOL_CONVERSION = YES;
				CLANG_WARN_COMMA = YES;
				CLANG_WARN_CONSTANT_CONVERSION = YES;
				CLANG_WARN_DEPRECATED_OBJC_IMPLEMENTATIONS = YES;
				CLANG_WARN_DIRECT_OBJC_ISA_USAGE = YES_ERROR;
				CLANG_WARN_DOCUMENTATION_COMMENTS = YES;
				CLANG_WARN_EMPTY_BODY = YES;
				CLANG_WARN_ENUM_CONVERSION = YES;
				CLANG_WARN_INFINITE_RECURSION = YES;
				CLANG_WARN_INT_CONVERSION = YES;
				CLANG_WARN_NON_LITERAL_NULL_CONVERSION = YES;
				CLANG_WARN_OBJC_IMPLICIT_RETAIN_SELF = YES;
				CLANG_WARN_OBJC_LITERAL_CONVERSION = YES;
				CLANG_WARN_OBJC_ROOT_CLASS = YES_ERROR;
				CLANG_WARN_QUOTED_INCLUDE_IN_FRAMEWORK_HEADER = YES;
				CLANG_WARN_RANGE_LOOP_ANALYSIS = YES;
				CLANG_WARN_STRICT_PROTOTYPES = YES;
				CLANG_WARN_SUSPICIOUS_MOVE = YES;
				CLANG_WARN_UNGUARDED_AVAILABILITY = YES_AGGRESSIVE;
				CLANG_WARN_UNREACHABLE_CODE = YES;
				CLANG_WARN__DUPLICATE_METHOD_MATCH = YES;
				COPY_PHASE_STRIP = NO;
				DEBUG_INFORMATION_FORMAT = dwarf;
				ENABLE_STRICT_OBJC_MSGSEND = YES;
				ENABLE_TESTABILITY = YES;
				GCC_C_LANGUAGE_STANDARD = gnu11;
				GCC_DYNAMIC_NO_PIC = NO;
				GCC_NO_COMMON_BLOCKS = YES;
				GCC_OPTIMIZATION_LEVEL = 0;
				GCC_PREPROCESSOR_DEFINITIONS = (
					"DEBUG=1",
					"$(inherited)",
				);
				GCC_WARN_64_TO_32_BIT_CONVERSION = YES;
				GCC_WARN_ABOUT_RETURN_TYPE = YES_ERROR;
				GCC_WARN_UNDECLARED_SELECTOR = YES;
				GCC_WARN_UNINITIALIZED_AUTOS = YES_AGGRESSIVE;
				GCC_WARN_UNUSED_FUNCTION = YES;
				GCC_WARN_UNUSED_VARIABLE = YES;
				IPHONEOS_DEPLOYMENT_TARGET = 14.5;
				MTL_ENABLE_DEBUG_INFO = INCLUDE_SOURCE;
				MTL_FAST_MATH = YES;
				ONLY_ACTIVE_ARCH = YES;
				SDKROOT = iphoneos;
				SWIFT_ACTIVE_COMPILATION_CONDITIONS = DEBUG;
				SWIFT_OPTIMIZATION_LEVEL = "-Onone";
			};
			name = Debug;
		};
		6D846D3526D75C8600349480 /* Release */ = {
			isa = XCBuildConfiguration;
			buildSettings = {
				ALWAYS_SEARCH_USER_PATHS = NO;
				CLANG_ANALYZER_NONNULL = YES;
				CLANG_ANALYZER_NUMBER_OBJECT_CONVERSION = YES_AGGRESSIVE;
				CLANG_CXX_LANGUAGE_STANDARD = "gnu++14";
				CLANG_CXX_LIBRARY = "libc++";
				CLANG_ENABLE_MODULES = YES;
				CLANG_ENABLE_OBJC_ARC = YES;
				CLANG_ENABLE_OBJC_WEAK = YES;
				CLANG_WARN_BLOCK_CAPTURE_AUTORELEASING = YES;
				CLANG_WARN_BOOL_CONVERSION = YES;
				CLANG_WARN_COMMA = YES;
				CLANG_WARN_CONSTANT_CONVERSION = YES;
				CLANG_WARN_DEPRECATED_OBJC_IMPLEMENTATIONS = YES;
				CLANG_WARN_DIRECT_OBJC_ISA_USAGE = YES_ERROR;
				CLANG_WARN_DOCUMENTATION_COMMENTS = YES;
				CLANG_WARN_EMPTY_BODY = YES;
				CLANG_WARN_ENUM_CONVERSION = YES;
				CLANG_WARN_INFINITE_RECURSION = YES;
				CLANG_WARN_INT_CONVERSION = YES;
				CLANG_WARN_NON_LITERAL_NULL_CONVERSION = YES;
				CLANG_WARN_OBJC_IMPLICIT_RETAIN_SELF = YES;
				CLANG_WARN_OBJC_LITERAL_CONVERSION = YES;
				CLANG_WARN_OBJC_ROOT_CLASS = YES_ERROR;
				CLANG_WARN_QUOTED_INCLUDE_IN_FRAMEWORK_HEADER = YES;
				CLANG_WARN_RANGE_LOOP_ANALYSIS = YES;
				CLANG_WARN_STRICT_PROTOTYPES = YES;
				CLANG_WARN_SUSPICIOUS_MOVE = YES;
				CLANG_WARN_UNGUARDED_AVAILABILITY = YES_AGGRESSIVE;
				CLANG_WARN_UNREACHABLE_CODE = YES;
				CLANG_WARN__DUPLICATE_METHOD_MATCH = YES;
				COPY_PHASE_STRIP = NO;
				DEBUG_INFORMATION_FORMAT = "dwarf-with-dsym";
				ENABLE_NS_ASSERTIONS = NO;
				ENABLE_STRICT_OBJC_MSGSEND = YES;
				GCC_C_LANGUAGE_STANDARD = gnu11;
				GCC_NO_COMMON_BLOCKS = YES;
				GCC_WARN_64_TO_32_BIT_CONVERSION = YES;
				GCC_WARN_ABOUT_RETURN_TYPE = YES_ERROR;
				GCC_WARN_UNDECLARED_SELECTOR = YES;
				GCC_WARN_UNINITIALIZED_AUTOS = YES_AGGRESSIVE;
				GCC_WARN_UNUSED_FUNCTION = YES;
				GCC_WARN_UNUSED_VARIABLE = YES;
				IPHONEOS_DEPLOYMENT_TARGET = 14.5;
				MTL_ENABLE_DEBUG_INFO = NO;
				MTL_FAST_MATH = YES;
				SDKROOT = iphoneos;
				SWIFT_COMPILATION_MODE = wholemodule;
				SWIFT_OPTIMIZATION_LEVEL = "-O";
				VALIDATE_PRODUCT = YES;
			};
			name = Release;
		};
		6D846D3726D75C8600349480 /* Debug */ = {
			isa = XCBuildConfiguration;
			buildSettings = {
				ASSETCATALOG_COMPILER_APPICON_NAME = AppIcon;
				ASSETCATALOG_COMPILER_GLOBAL_ACCENT_COLOR_NAME = AccentColor;
				CODE_SIGN_STYLE = Automatic;
				INFOPLIST_FILE = OpenMarket/Info.plist;
				LD_RUNPATH_SEARCH_PATHS = (
					"$(inherited)",
					"@executable_path/Frameworks",
				);
				PRODUCT_BUNDLE_IDENTIFIER = com.Fezravien.OpenMarket;
				PRODUCT_NAME = "$(TARGET_NAME)";
				SWIFT_VERSION = 5.0;
				TARGETED_DEVICE_FAMILY = "1,2";
			};
			name = Debug;
		};
		6D846D3826D75C8600349480 /* Release */ = {
			isa = XCBuildConfiguration;
			buildSettings = {
				ASSETCATALOG_COMPILER_APPICON_NAME = AppIcon;
				ASSETCATALOG_COMPILER_GLOBAL_ACCENT_COLOR_NAME = AccentColor;
				CODE_SIGN_STYLE = Automatic;
				INFOPLIST_FILE = OpenMarket/Info.plist;
				LD_RUNPATH_SEARCH_PATHS = (
					"$(inherited)",
					"@executable_path/Frameworks",
				);
				PRODUCT_BUNDLE_IDENTIFIER = com.Fezravien.OpenMarket;
				PRODUCT_NAME = "$(TARGET_NAME)";
				SWIFT_VERSION = 5.0;
				TARGETED_DEVICE_FAMILY = "1,2";
			};
			name = Release;
		};
		6D846D3A26D75C8600349480 /* Debug */ = {
			isa = XCBuildConfiguration;
			buildSettings = {
				ALWAYS_EMBED_SWIFT_STANDARD_LIBRARIES = YES;
				BUNDLE_LOADER = "$(TEST_HOST)";
				CODE_SIGN_STYLE = Automatic;
				INFOPLIST_FILE = OpenMarketTests/Info.plist;
				IPHONEOS_DEPLOYMENT_TARGET = 14.5;
				LD_RUNPATH_SEARCH_PATHS = (
					"$(inherited)",
					"@executable_path/Frameworks",
					"@loader_path/Frameworks",
				);
				PRODUCT_BUNDLE_IDENTIFIER = com.Fezravien.OpenMarketTests;
				PRODUCT_NAME = "$(TARGET_NAME)";
				SWIFT_VERSION = 5.0;
				TARGETED_DEVICE_FAMILY = "1,2";
				TEST_HOST = "$(BUILT_PRODUCTS_DIR)/OpenMarket.app/OpenMarket";
			};
			name = Debug;
		};
		6D846D3B26D75C8600349480 /* Release */ = {
			isa = XCBuildConfiguration;
			buildSettings = {
				ALWAYS_EMBED_SWIFT_STANDARD_LIBRARIES = YES;
				BUNDLE_LOADER = "$(TEST_HOST)";
				CODE_SIGN_STYLE = Automatic;
				INFOPLIST_FILE = OpenMarketTests/Info.plist;
				IPHONEOS_DEPLOYMENT_TARGET = 14.5;
				LD_RUNPATH_SEARCH_PATHS = (
					"$(inherited)",
					"@executable_path/Frameworks",
					"@loader_path/Frameworks",
				);
				PRODUCT_BUNDLE_IDENTIFIER = com.Fezravien.OpenMarketTests;
				PRODUCT_NAME = "$(TARGET_NAME)";
				SWIFT_VERSION = 5.0;
				TARGETED_DEVICE_FAMILY = "1,2";
				TEST_HOST = "$(BUILT_PRODUCTS_DIR)/OpenMarket.app/OpenMarket";
			};
			name = Release;
		};
/* End XCBuildConfiguration section */

/* Begin XCConfigurationList section */
		6D846D0726D75C8200349480 /* Build configuration list for PBXProject "OpenMarket" */ = {
			isa = XCConfigurationList;
			buildConfigurations = (
				6D846D3426D75C8600349480 /* Debug */,
				6D846D3526D75C8600349480 /* Release */,
			);
			defaultConfigurationIsVisible = 0;
			defaultConfigurationName = Release;
		};
		6D846D3626D75C8600349480 /* Build configuration list for PBXNativeTarget "OpenMarket" */ = {
			isa = XCConfigurationList;
			buildConfigurations = (
				6D846D3726D75C8600349480 /* Debug */,
				6D846D3826D75C8600349480 /* Release */,
			);
			defaultConfigurationIsVisible = 0;
			defaultConfigurationName = Release;
		};
		6D846D3926D75C8600349480 /* Build configuration list for PBXNativeTarget "OpenMarketTests" */ = {
			isa = XCConfigurationList;
			buildConfigurations = (
				6D846D3A26D75C8600349480 /* Debug */,
				6D846D3B26D75C8600349480 /* Release */,
			);
			defaultConfigurationIsVisible = 0;
			defaultConfigurationName = Release;
		};
/* End XCConfigurationList section */
	};
	rootObject = 6D846D0426D75C8200349480 /* Project object */;
}
